
Microsoft Visual Studio Solution File, Format Version 12.00
# Visual Studio 2015
Project("{FAE04EC0-301F-11D3-BF4B-00C04F79EFBC}") = "Echolocation.Plugins", "Echolocation.Plugins.csproj", "{9CDC2EB3-8FB7-947A-1317-039A38673CF9}"
EndProject
Project("{FAE04EC0-301F-11D3-BF4B-00C04F79EFBC}") = "Echolocation", "Echolocation.csproj", "{ACE63439-B124-56D2-C217-3E9AF3B508FF}"
EndProject
Project("{FAE04EC0-301F-11D3-BF4B-00C04F79EFBC}") = "Echolocation.Editor.Plugins", "Echolocation.Editor.Plugins.csproj", "{263016F0-78AA-80FC-0A6D-BB11C0517BB0}"
EndProject
Global
	GlobalSection(SolutionConfigurationPlatforms) = preSolution
		Debug|Any CPU = Debug|Any CPU
		Release|Any CPU = Release|Any CPU
	EndGlobalSection
	GlobalSection(ProjectConfigurationPlatforms) = postSolution
		{9CDC2EB3-8FB7-947A-1317-039A38673CF9}.Debug|Any CPU.ActiveCfg = Debug|Any CPU
		{9CDC2EB3-8FB7-947A-1317-039A38673CF9}.Debug|Any CPU.Build.0 = Debug|Any CPU
		{9CDC2EB3-8FB7-947A-1317-039A38673CF9}.Release|Any CPU.ActiveCfg = Release|Any CPU
		{9CDC2EB3-8FB7-947A-1317-039A38673CF9}.Release|Any CPU.Build.0 = Release|Any CPU
		{ACE63439-B124-56D2-C217-3E9AF3B508FF}.Debug|Any CPU.ActiveCfg = Debug|Any CPU
		{ACE63439-B124-56D2-C217-3E9AF3B508FF}.Debug|Any CPU.Build.0 = Debug|Any CPU
		{ACE63439-B124-56D2-C217-3E9AF3B508FF}.Release|Any CPU.ActiveCfg = Release|Any CPU
		{ACE63439-B124-56D2-C217-3E9AF3B508FF}.Release|Any CPU.Build.0 = Release|Any CPU
		{263016F0-78AA-80FC-0A6D-BB11C0517BB0}.Debug|Any CPU.ActiveCfg = Debug|Any CPU
		{263016F0-78AA-80FC-0A6D-BB11C0517BB0}.Debug|Any CPU.Build.0 = Debug|Any CPU
		{263016F0-78AA-80FC-0A6D-BB11C0517BB0}.Release|Any CPU.ActiveCfg = Release|Any CPU
		{263016F0-78AA-80FC-0A6D-BB11C0517BB0}.Release|Any CPU.Build.0 = Release|Any CPU
	EndGlobalSection
	GlobalSection(SolutionProperties) = preSolution
		HideSolutionNode = FALSE
	EndGlobalSection
EndGlobal
